{
  "name": "mattermost-weblate-test",
  "version": "0.0.1",
  "lockfileVersion": 3,
  "requires": true,
  "packages": {
    "": {
      "name": "mattermost-weblate-test",
      "version": "0.0.1",
      "license": "Apache-2.0",
      "dependencies": {
        "@formatjs/cli": "^6.2.12"
      }
    },
    "node_modules/@formatjs/cli": {
      "version": "6.2.12",
      "resolved": "https://registry.npmjs.org/@formatjs/cli/-/cli-6.2.12.tgz",
      "integrity": "sha512-bt1NEgkeYN8N9zWcpsPu3fZ57vv+biA+NtIQBlyOZnCp1bcvh+vNTXvmwF4C5qxqDtCylpOIb3yi3Ktgp4v0JQ==",
      "license": "MIT",
      "bin": {
        "formatjs": "bin/formatjs"
      },
      "engines": {
        "node": ">= 16"
      },
      "peerDependencies": {
        "@glimmer/env": "^0.1.7",
        "@glimmer/reference": "^0.91.1 || ^0.92.0",
        "@glimmer/syntax": "^0.92.0",
        "@glimmer/validator": "^0.92.0",
        "@vue/compiler-core": "^3.4.0",
        "content-tag": "^2.0.1",
        "ember-template-recast": "^6.1.4",
        "vue": "^3.4.0"
      },
      "peerDependenciesMeta": {
        "@glimmer/env": {
          "optional": true
        },
        "@glimmer/reference": {
          "optional": true
        },
        "@glimmer/syntax": {
          "optional": true
        },
        "@glimmer/validator": {
          "optional": true
        },
        "@vue/compiler-core": {
          "optional": true
        },
        "content-tag": {
          "optional": true
        },
        "ember-template-recast": {
          "optional": true
        },
        "vue": {
          "optional": true
        }
      }
    }
  }
}
